// !$*UTF8*$!
{
	archiveVersion = 1;
	classes = {
	};
	objectVersion = 46;
	objects = {

/* Begin PBXBuildFile section */
		B96943901C3F981B0055AE8D /* main.m in Sources */ = {isa = PBXBuildFile; fileRef = B969438F1C3F981B0055AE8D /* main.m */; };
		B96943931C3F981B0055AE8D /* AppDelegate.m in Sources */ = {isa = PBXBuildFile; fileRef = B96943921C3F981B0055AE8D /* AppDelegate.m */; };
		B96943961C3F981B0055AE8D /* BSEquxian.xcdatamodeld in Sources */ = {isa = PBXBuildFile; fileRef = B96943941C3F981B0055AE8D /* BSEquxian.xcdatamodeld */; };
		B96943991C3F981B0055AE8D /* ViewController.m in Sources */ = {isa = PBXBuildFile; fileRef = B96943981C3F981B0055AE8D /* ViewController.m */; };
		B969439C1C3F981B0055AE8D /* Main.storyboard in Resources */ = {isa = PBXBuildFile; fileRef = B969439A1C3F981B0055AE8D /* Main.storyboard */; };
		B969439E1C3F981B0055AE8D /* Images.xcassets in Resources */ = {isa = PBXBuildFile; fileRef = B969439D1C3F981B0055AE8D /* Images.xcassets */; };
		B96943A11C3F981B0055AE8D /* LaunchScreen.xib in Resources */ = {isa = PBXBuildFile; fileRef = B969439F1C3F981B0055AE8D /* LaunchScreen.xib */; };
		B96943AD1C3F981C0055AE8D /* BSEquxianTests.m in Sources */ = {isa = PBXBuildFile; fileRef = B96943AC1C3F981C0055AE8D /* BSEquxianTests.m */; };
		B96943B71C3F98EE0055AE8D /* CoreGraphics.framework in Frameworks */ = {isa = PBXBuildFile; fileRef = B96943B61C3F98ED0055AE8D /* CoreGraphics.framework */; };
		B96943BA1C3F99340055AE8D /* CustomView.m in Sources */ = {isa = PBXBuildFile; fileRef = B96943B91C3F99340055AE8D /* CustomView.m */; };
/* End PBXBuildFile section */

/* Begin PBXContainerItemProxy section */
		B96943A71C3F981C0055AE8D /* PBXContainerItemProxy */ = {
			isa = PBXContainerItemProxy;
			containerPortal = B96943821C3F981B0055AE8D /* Project object */;
			proxyType = 1;
			remoteGlobalIDString = B96943891C3F981B0055AE8D;
			remoteInfo = BSEquxian;
		};
/* End PBXContainerItemProxy section */

/* Begin PBXFileReference section */
		B969438A1C3F981B0055AE8D /* BSEquxian.app */ = {isa = PBXFileReference; explicitFileType = wrapper.application; includeInIndex = 0; path = BSEquxian.app; sourceTree = BUILT_PRODUCTS_DIR; };
		B969438E1C3F981B0055AE8D /* Info.plist */ = {isa = PBXFileReference; lastKnownFileType = text.plist.xml; path = Info.plist; sourceTree = "<group>"; };
		B969438F1C3F981B0055AE8D /* main.m */ = {isa = PBXFileReference; lastKnownFileType = sourcecode.c.objc; path = main.m; sourceTree = "<group>"; };
		B96943911C3F981B0055AE8D /* AppDelegate.h */ = {isa = PBXFileReference; lastKnownFileType = sourcecode.c.h; path = AppDelegate.h; sourceTree = "<group>"; };
		B96943921C3F981B0055AE8D /* AppDelegate.m */ = {isa = PBXFileReference; lastKnownFileType = sourcecode.c.objc; path = AppDelegate.m; sourceTree = "<group>"; };
		B96943951C3F981B0055AE8D /* BSEquxian.xcdatamodel */ = {isa = PBXFileReference; lastKnownFileType = wrapper.xcdatamodel; path = BSEquxian.xcdatamodel; sourceTree = "<group>"; };
		B96943971C3F981B0055AE8D /* ViewController.h */ = {isa = PBXFileReference; lastKnownFileType = sourcecode.c.h; path = ViewController.h; sourceTree = "<group>"; };
		B96943981C3F981B0055AE8D /* ViewController.m */ = {isa = PBXFileReference; lastKnownFileType = sourcecode.c.objc; path = ViewController.m; sourceTree = "<group>"; };
		B969439B1C3F981B0055AE8D /* Base */ = {isa = PBXFileReference; lastKnownFileType = file.storyboard; name = Base; path = Base.lproj/Main.storyboard; sourceTree = "<group>"; };
		B969439D1C3F981B0055AE8D /* Images.xcassets */ = {isa = PBXFileReference; lastKnownFileType = folder.assetcatalog; path = Images.xcassets; sourceTree = "<group>"; };
		B96943A01C3F981B0055AE8D /* Base */ = {isa = PBXFileReference; lastKnownFileType = file.xib; name = Base; path = Base.lproj/LaunchScreen.xib; sourceTree = "<group>"; };
		B96943A61C3F981C0055AE8D /* BSEquxianTests.xctest */ = {isa = PBXFileReference; explicitFileType = wrapper.cfbundle; includeInIndex = 0; path = BSEquxianTests.xctest; sourceTree = BUILT_PRODUCTS_DIR; };
		B96943AB1C3F981C0055AE8D /* Info.plist */ = {isa = PBXFileReference; lastKnownFileType = text.plist.xml; path = Info.plist; sourceTree = "<group>"; };
		B96943AC1C3F981C0055AE8D /* BSEquxianTests.m */ = {isa = PBXFileReference; lastKnownFileType = sourcecode.c.objc; path = BSEquxianTests.m; sourceTree = "<group>"; };
		B96943B61C3F98ED0055AE8D /* CoreGraphics.framework */ = {isa = PBXFileReference; lastKnownFileType = wrapper.framework; name = CoreGraphics.framework; path = System/Library/Frameworks/CoreGraphics.framework; sourceTree = SDKROOT; };
		B96943B81C3F99340055AE8D /* CustomView.h */ = {isa = PBXFileReference; fileEncoding = 4; lastKnownFileType = sourcecode.c.h; path = CustomView.h; sourceTree = "<group>"; };
		B96943B91C3F99340055AE8D /* CustomView.m */ = {isa = PBXFileReference; fileEncoding = 4; lastKnownFileType = sourcecode.c.objc; path = CustomView.m; sourceTree = "<group>"; };
/* End PBXFileReference section */

/* Begin PBXFrameworksBuildPhase section */
		B96943871C3F981B0055AE8D /* Frameworks */ = {
			isa = PBXFrameworksBuildPhase;
			buildActionMask = 2147483647;
			files = (
				B96943B71C3F98EE0055AE8D /* CoreGraphics.framework in Frameworks */,
			);
			runOnlyForDeploymentPostprocessing = 0;
		};
		B96943A31C3F981C0055AE8D /* Frameworks */ = {
			isa = PBXFrameworksBuildPhase;
			buildActionMask = 2147483647;
			files = (
			);
			runOnlyForDeploymentPostprocessing = 0;
		};
/* End PBXFrameworksBuildPhase section */

/* Begin PBXGroup section */
		B96943811C3F981B0055AE8D = {
			isa = PBXGroup;
			children = (
				B96943B61C3F98ED0055AE8D /* CoreGraphics.framework */,
				B969438C1C3F981B0055AE8D /* BSEquxian */,
				B96943A91C3F981C0055AE8D /* BSEquxianTests */,
				B969438B1C3F981B0055AE8D /* Products */,
			);
			sourceTree = "<group>";
		};
		B969438B1C3F981B0055AE8D /* Products */ = {
			isa = PBXGroup;
			children = (
				B969438A1C3F981B0055AE8D /* BSEquxian.app */,
				B96943A61C3F981C0055AE8D /* BSEquxianTests.xctest */,
			);
			name = Products;
			sourceTree = "<group>";
		};
		B969438C1C3F981B0055AE8D /* BSEquxian */ = {
			isa = PBXGroup;
			children = (
				B96943911C3F981B0055AE8D /* AppDelegate.h */,
				B96943921C3F981B0055AE8D /* AppDelegate.m */,
				B96943971C3F981B0055AE8D /* ViewController.h */,
				B96943981C3F981B0055AE8D /* ViewController.m */,
				B96943B81C3F99340055AE8D /* CustomView.h */,
				B96943B91C3F99340055AE8D /* CustomView.m */,
				B969439A1C3F981B0055AE8D /* Main.storyboard */,
				B969439D1C3F981B0055AE8D /* Images.xcassets */,
				B969439F1C3F981B0055AE8D /* LaunchScreen.xib */,
				B96943941C3F981B0055AE8D /* BSEquxian.xcdatamodeld */,
				B969438D1C3F981B0055AE8D /* Supporting Files */,
			);
			path = BSEquxian;
			sourceTree = "<group>";
		};
		B969438D1C3F981B0055AE8D /* Supporting Files */ = {
			isa = PBXGroup;
			children = (
				B969438E1C3F981B0055AE8D /* Info.plist */,
				B969438F1C3F981B0055AE8D /* main.m */,
			);
			name = "Supporting Files";
			sourceTree = "<group>";
		};
		B96943A91C3F981C0055AE8D /* BSEquxianTests */ = {
			isa = PBXGroup;
			children = (
				B96943AC1C3F981C0055AE8D /* BSEquxianTests.m */,
				B96943AA1C3F981C0055AE8D /* Supporting Files */,
			);
			path = BSEquxianTests;
			sourceTree = "<group>";
		};
		B96943AA1C3F981C0055AE8D /* Supporting Files */ = {
			isa = PBXGroup;
			children = (
				B96943AB1C3F981C0055AE8D /* Info.plist */,
			);
			name = "Supporting Files";
			sourceTree = "<group>";
		};
/* End PBXGroup section */

/* Begin PBXNativeTarget section */
		B96943891C3F981B0055AE8D /* BSEquxian */ = {
			isa = PBXNativeTarget;
			buildConfigurationList = B96943B01C3F981C0055AE8D /* Build configuration list for PBXNativeTarget "BSEquxian" */;
			buildPhases = (
				B96943861C3F981B0055AE8D /* Sources */,
				B96943871C3F981B0055AE8D /* Frameworks */,
				B96943881C3F981B0055AE8D /* Resources */,
			);
			buildRules = (
			);
			dependencies = (
			);
			name = BSEquxian;
			productName = BSEquxian;
			productReference = B969438A1C3F981B0055AE8D /* BSEquxian.app */;
			productType = "com.apple.product-type.application";
		};
		B96943A51C3F981C0055AE8D /* BSEquxianTests */ = {
			isa = PBXNativeTarget;
			buildConfigurationList = B96943B31C3F981C0055AE8D /* Build configuration list for PBXNativeTarget "BSEquxianTests" */;
			buildPhases = (
				B96943A21C3F981C0055AE8D /* Sources */,
				B96943A31C3F981C0055AE8D /* Frameworks */,
				B96943A41C3F981C0055AE8D /* Resources */,
			);
			buildRules = (
			);
			dependencies = (
				B96943A81C3F981C0055AE8D /* PBXTargetDependency */,
			);
			name = BSEquxianTests;
			productName = BSEquxianTests;
			productReference = B96943A61C3F981C0055AE8D /* BSEquxianTests.xctest */;
			productType = "com.apple.product-type.bundle.unit-test";
		};
/* End PBXNativeTarget section */

/* Begin PBXProject section */
		B96943821C3F981B0055AE8D /* Project object */ = {
			isa = PBXProject;
			attributes = {
				LastUpgradeCheck = 0610;
				ORGANIZATIONNAME = "范琦";
				TargetAttributes = {
					B96943891C3F981B0055AE8D = {
						CreatedOnToolsVersion = 6.1.1;
					};
					B96943A51C3F981C0055AE8D = {
						CreatedOnToolsVersion = 6.1.1;
						TestTargetID = B96943891C3F981B0055AE8D;
					};
				};
			};
			buildConfigurationList = B96943851C3F981B0055AE8D /* Build configuration list for PBXProject "BSEquxian" */;
			compatibilityVersion = "Xcode 3.2";
			developmentRegion = English;
			hasScannedForEncodings = 0;
			knownRegions = (
				en,
				Base,
			);
			mainGroup = B96943811C3F981B0055AE8D;
			productRefGroup = B969438B1C3F981B0055AE8D /* Products */;
			projectDirPath = "";
			projectRoot = "";
			targets = (
				B96943891C3F981B0055AE8D /* BSEquxian */,
				B96943A51C3F981C0055AE8D /* BSEquxianTests */,
			);
		};
/* End PBXProject section */

/* Begin PBXResourcesBuildPhase section */
		B96943881C3F981B0055AE8D /* Resources */ = {
			isa = PBXResourcesBuildPhase;
			buildActionMask = 2147483647;
			files = (
				B969439C1C3F981B0055AE8D /* Main.storyboard in Resources */,
				B96943A11C3F981B0055AE8D /* LaunchScreen.xib in Resources */,
				B969439E1C3F981B0055AE8D /* Images.xcassets in Resources */,
			);
			runOnlyForDeploymentPostprocessing = 0;
		};
		B96943A41C3F981C0055AE8D /* Resources */ = {
			isa = PBXResourcesBuildPhase;
			buildActionMask = 2147483647;
			files = (
			);
			runOnlyForDeploymentPostprocessing = 0;
		};
/* End PBXResourcesBuildPhase section */

/* Begin PBXSourcesBuildPhase section */
		B96943861C3F981B0055AE8D /* Sources */ = {
			isa = PBXSourcesBuildPhase;
			buildActionMask = 2147483647;
			files = (
				B96943BA1C3F99340055AE8D /* CustomView.m in Sources */,
				B96943931C3F981B0055AE8D /* AppDelegate.m in Sources */,
				B96943961C3F981B0055AE8D /* BSEquxian.xcdatamodeld in Sources */,
				B96943991C3F981B0055AE8D /* ViewController.m in Sources */,
				B96943901C3F981B0055AE8D /* main.m in Sources */,
			);
			runOnlyForDeploymentPostprocessing = 0;
		};
		B96943A21C3F981C0055AE8D /* Sources */ = {
			isa = PBXSourcesBuildPhase;
			buildActionMask = 2147483647;
			files = (
				B96943AD1C3F981C0055AE8D /* BSEquxianTests.m in Sources */,
			);
			runOnlyForDeploymentPostprocessing = 0;
		};
/* End PBXSourcesBuildPhase section */

/* Begin PBXTargetDependency section */
		B96943A81C3F981C0055AE8D /* PBXTargetDependency */ = {
			isa = PBXTargetDependency;
			target = B96943891C3F981B0055AE8D /* BSEquxian */;
			targetProxy = B96943A71C3F981C0055AE8D /* PBXContainerItemProxy */;
		};
/* End PBXTargetDependency section */

/* Begin PBXVariantGroup section */
		B969439A1C3F981B0055AE8D /* Main.storyboard */ = {
			isa = PBXVariantGroup;
			children = (
				B969439B1C3F981B0055AE8D /* Base */,
			);
			name = Main.storyboard;
			sourceTree = "<group>";
		};
		B969439F1C3F981B0055AE8D /* LaunchScreen.xib */ = {
			isa = PBXVariantGroup;
			children = (
				B96943A01C3F981B0055AE8D /* Base */,
			);
			name = LaunchScreen.xib;
			sourceTree = "<group>";
		};
/* End PBXVariantGroup section */

/* Begin XCBuildConfiguration section */
		B96943AE1C3F981C0055AE8D /* Debug */ = {
			isa = XCBuildConfiguration;
			buildSettings = {
				ALWAYS_SEARCH_USER_PATHS = NO;
				CLANG_CXX_LANGUAGE_STANDARD = "gnu++0x";
				CLANG_CXX_LIBRARY = "libc++";
				CLANG_ENABLE_MODULES = YES;
				CLANG_ENABLE_OBJC_ARC = YES;
				CLANG_WARN_BOOL_CONVERSION = YES;
				CLANG_WARN_CONSTANT_CONVERSION = YES;
				CLANG_WARN_DIRECT_OBJC_ISA_USAGE = YES_ERROR;
				CLANG_WARN_EMPTY_BODY = YES;
				CLANG_WARN_ENUM_CONVERSION = YES;
				CLANG_WARN_INT_CONVERSION = YES;
				CLANG_WARN_OBJC_ROOT_CLASS = YES_ERROR;
				CLANG_WARN_UNREACHABLE_CODE = YES;
				CLANG_WARN__DUPLICATE_METHOD_MATCH = YES;
				"CODE_SIGN_IDENTITY[sdk=iphoneos*]" = "iPhone Developer";
				COPY_PHASE_STRIP = NO;
				ENABLE_STRICT_OBJC_MSGSEND = YES;
				GCC_C_LANGUAGE_STANDARD = gnu99;
				GCC_DYNAMIC_NO_PIC = NO;
				GCC_OPTIMIZATION_LEVEL = 0;
				GCC_PREPROCESSOR_DEFINITIONS = (
					"DEBUG=1",
					"$(inherited)",
				);
				GCC_SYMBOLS_PRIVATE_EXTERN = NO;
				GCC_WARN_64_TO_32_BIT_CONVERSION = YES;
				GCC_WARN_ABOUT_RETURN_TYPE = YES_ERROR;
				GCC_WARN_UNDECLARED_SELECTOR = YES;
				GCC_WARN_UNINITIALIZED_AUTOS = YES_AGGRESSIVE;
				GCC_WARN_UNUSED_FUNCTION = YES;
				GCC_WARN_UNUSED_VARIABLE = YES;
				IPHONEOS_DEPLOYMENT_TARGET = 8.1;
				MTL_ENABLE_DEBUG_INFO = YES;
				ONLY_ACTIVE_ARCH = YES;
				SDKROOT = iphoneos;
			};
			name = Debug;
		};
		B96943AF1C3F981C0055AE8D /* Release */ = {
			isa = XCBuildConfiguration;
			buildSettings = {
				ALWAYS_SEARCH_USER_PATHS = NO;
				CLANG_CXX_LANGUAGE_STANDARD = "gnu++0x";
				CLANG_CXX_LIBRARY = "libc++";
				CLANG_ENABLE_MODULES = YES;
				CLANG_ENABLE_OBJC_ARC = YES;
				CLANG_WARN_BOOL_CONVERSION = YES;
				CLANG_WARN_CONSTANT_CONVERSION = YES;
				CLANG_WARN_DIRECT_OBJC_ISA_USAGE = YES_ERROR;
				CLANG_WARN_EMPTY_BODY = YES;
				CLANG_WARN_ENUM_CONVERSION = YES;
				CLANG_WARN_INT_CONVERSION = YES;
				CLANG_WARN_OBJC_ROOT_CLASS = YES_ERROR;
				CLANG_WARN_UNREACHABLE_CODE = YES;
				CLANG_WARN__DUPLICATE_METHOD_MATCH = YES;
				"CODE_SIGN_IDENTITY[sdk=iphoneos*]" = "iPhone Developer";
				COPY_PHASE_STRIP = YES;
				ENABLE_NS_ASSERTIONS = NO;
				ENABLE_STRICT_OBJC_MSGSEND = YES;
				GCC_C_LANGUAGE_STANDARD = gnu99;
				GCC_WARN_64_TO_32_BIT_CONVERSION = YES;
				GCC_WARN_ABOUT_RETURN_TYPE = YES_ERROR;
				GCC_WARN_UNDECLARED_SELECTOR = YES;
				GCC_WARN_UNINITIALIZED_AUTOS = YES_AGGRESSIVE;
				GCC_WARN_UNUSED_FUNCTION = YES;
				GCC_WARN_UNUSED_VARIABLE = YES;
				IPHONEOS_DEPLOYMENT_TARGET = 8.1;
				MTL_ENABLE_DEBUG_INFO = NO;
				SDKROOT = iphoneos;
				VALIDATE_PRODUCT = YES;
			};
			name = Release;
		};
		B96943B11C3F981C0055AE8D /* Debug */ = {
			isa = XCBuildConfiguration;
			buildSettings = {
				ASSETCATALOG_COMPILER_APPICON_NAME = AppIcon;
				INFOPLIST_FILE = BSEquxian/Info.plist;
				LD_RUNPATH_SEARCH_PATHS = "$(inherited) @executable_path/Frameworks";
				PRODUCT_NAME = "$(TARGET_NAME)";
			};
			name = Debug;
		};
		B96943B21C3F981C0055AE8D /* Release */ = {
			isa = XCBuildConfiguration;
			buildSettings = {
				ASSETCATALOG_COMPILER_APPICON_NAME = AppIcon;
				INFOPLIST_FILE = BSEquxian/Info.plist;
				LD_RUNPATH_SEARCH_PATHS = "$(inherited) @executable_path/Frameworks";
				PRODUCT_NAME = "$(TARGET_NAME)";
			};
			name = Release;
		};
		B96943B41C3F981C0055AE8D /* Debug */ = {
			isa = XCBuildConfiguration;
			buildSettings = {
				BUNDLE_LOADER = "$(TEST_HOST)";
				FRAMEWORK_SEARCH_PATHS = (
					"$(SDKROOT)/Developer/Library/Frameworks",
					"$(inherited)",
				);
				GCC_PREPROCESSOR_DEFINITIONS = (
					"DEBUG=1",
					"$(inherited)",
				);
				INFOPLIST_FILE = BSEquxianTests/Info.plist;
				LD_RUNPATH_SEARCH_PATHS = "$(inherited) @executable_path/Frameworks @loader_path/Frameworks";
				PRODUCT_NAME = "$(TARGET_NAME)";
				TEST_HOST = "$(BUILT_PRODUCTS_DIR)/BSEquxian.app/BSEquxian";
			};
			name = Debug;
		};
		B96943B51C3F981C0055AE8D /* Release */ = {
			isa = XCBuildConfiguration;
			buildSettings = {
				BUNDLE_LOADER = "$(TEST_HOST)";
				FRAMEWORK_SEARCH_PATHS = (
					"$(SDKROOT)/Developer/Library/Frameworks",
					"$(inherited)",
				);
				INFOPLIST_FILE = BSEquxianTests/Info.plist;
				LD_RUNPATH_SEARCH_PATHS = "$(inherited) @executable_path/Frameworks @loader_path/Frameworks";
				PRODUCT_NAME = "$(TARGET_NAME)";
				TEST_HOST = "$(BUILT_PRODUCTS_DIR)/BSEquxian.app/BSEquxian";
			};
			name = Release;
		};
/* End XCBuildConfiguration section */

/* Begin XCConfigurationList section */
		B96943851C3F981B0055AE8D /* Build configuration list for PBXProject "BSEquxian" */ = {
			isa = XCConfigurationList;
			buildConfigurations = (
				B96943AE1C3F981C0055AE8D /* Debug */,
				B96943AF1C3F981C0055AE8D /* Release */,
			);
			defaultConfigurationIsVisible = 0;
			defaultConfigurationName = Release;
		};
		B96943B01C3F981C0055AE8D /* Build configuration list for PBXNativeTarget "BSEquxian" */ = {
			isa = XCConfigurationList;
			buildConfigurations = (
				B96943B11C3F981C0055AE8D /* Debug */,
				B96943B21C3F981C0055AE8D /* Release */,
			);
			defaultConfigurationIsVisible = 0;
		};
		B96943B31C3F981C0055AE8D /* Build configuration list for PBXNativeTarget "BSEquxianTests" */ = {
			isa = XCConfigurationList;
			buildConfigurations = (
				B96943B41C3F981C0055AE8D /* Debug */,
				B96943B51C3F981C0055AE8D /* Release */,
			);
			defaultConfigurationIsVisible = 0;
		};
/* End XCConfigurationList section */

/* Begin XCVersionGroup section */
		B96943941C3F981B0055AE8D /* BSEquxian.xcdatamodeld */ = {
			isa = XCVersionGroup;
			children = (
				B96943951C3F981B0055AE8D /* BSEquxian.xcdatamodel */,
			);
			currentVersion = B96943951C3F981B0055AE8D /* BSEquxian.xcdatamodel */;
			path = BSEquxian.xcdatamodeld;
			sourceTree = "<group>";
			versionGroupType = wrapper.xcdatamodel;
		};
/* End XCVersionGroup section */
	};
	rootObject = B96943821C3F981B0055AE8D /* Project object */;
}
